
Microsoft Visual Studio Solution File, Format Version 12.00
# Visual Studio Version 16
VisualStudioVersion = 16.0.29926.136
MinimumVisualStudioVersion = 10.0.40219.1
Project("{FAE04EC0-301F-11D3-BF4B-00C04F79EFBC}") = "ExpenseOnHotel2", "ExpenseOnHotel2.csproj", "{133549C5-C01A-41F3-93ED-62D27A728FCB}"
EndProject
Global
	GlobalSection(SolutionConfigurationPlatforms) = preSolution
		Debug|Any CPU = Debug|Any CPU
		Release|Any CPU = Release|Any CPU
	EndGlobalSection
	GlobalSection(ProjectConfigurationPlatforms) = postSolution
		{133549C5-C01A-41F3-93ED-62D27A728FCB}.Debug|Any CPU.ActiveCfg = Debug|Any CPU
		{133549C5-C01A-41F3-93ED-62D27A728FCB}.Debug|Any CPU.Build.0 = Debug|Any CPU
		{133549C5-C01A-41F3-93ED-62D27A728FCB}.Release|Any CPU.ActiveCfg = Release|Any CPU
		{133549C5-C01A-41F3-93ED-62D27A728FCB}.Release|Any CPU.Build.0 = Release|Any CPU
	EndGlobalSection
	GlobalSection(SolutionProperties) = preSolution
		HideSolutionNode = FALSE
	EndGlobalSection
	GlobalSection(ExtensibilityGlobals) = postSolution
		SolutionGuid = {0BD02358-624A-4ED4-90F2-B89EB94BFC6A}
	EndGlobalSection
EndGlobal
